// !$*UTF8*$!
{
	archiveVersion = 1;
	classes = {
	};
	objectVersion = 50;
	objects = {

/* Begin PBXBuildFile section */
		B7365A94261046A500F23031 /* StaticStrings.swift in Sources */ = {isa = PBXBuildFile; fileRef = B7365A93261046A500F23031 /* StaticStrings.swift */; };
		FD5BE8CD216154EF00BDBFC9 /* AppDelegate.swift in Sources */ = {isa = PBXBuildFile; fileRef = FD5BE8CC216154EF00BDBFC9 /* AppDelegate.swift */; };
		FD5BE8D2216154EF00BDBFC9 /* Main.storyboard in Resources */ = {isa = PBXBuildFile; fileRef = FD5BE8D0216154EF00BDBFC9 /* Main.storyboard */; };
		FD5BE8D4216154EF00BDBFC9 /* Assets.xcassets in Resources */ = {isa = PBXBuildFile; fileRef = FD5BE8D3216154EF00BDBFC9 /* Assets.xcassets */; };
		FD5BE8D7216154EF00BDBFC9 /* LaunchScreen.storyboard in Resources */ = {isa = PBXBuildFile; fileRef = FD5BE8D5216154EF00BDBFC9 /* LaunchScreen.storyboard */; };
		FD5BE9182161556500BDBFC9 /* ImageModel.swift in Sources */ = {isa = PBXBuildFile; fileRef = FD5BE8FC2161556500BDBFC9 /* ImageModel.swift */; };
		FD5BE9192161556500BDBFC9 /* ViewModel.swift in Sources */ = {isa = PBXBuildFile; fileRef = FD5BE8FD2161556500BDBFC9 /* ViewModel.swift */; };
		FD5BE91A2161556500BDBFC9 /* Constants.swift in Sources */ = {isa = PBXBuildFile; fileRef = FD5BE8FF2161556500BDBFC9 /* Constants.swift */; };
		FD5BE91B2161556500BDBFC9 /* Photos.swift in Sources */ = {isa = PBXBuildFile; fileRef = FD5BE9012161556500BDBFC9 /* Photos.swift */; };
		FD5BE91C2161556500BDBFC9 /* SearchResults.swift in Sources */ = {isa = PBXBuildFile; fileRef = FD5BE9022161556500BDBFC9 /* SearchResults.swift */; };
		FD5BE91D2161556500BDBFC9 /* Photo.swift in Sources */ = {isa = PBXBuildFile; fileRef = FD5BE9032161556500BDBFC9 /* Photo.swift */; };
		FD5BE91E2161556500BDBFC9 /* RequestConfig.swift in Sources */ = {isa = PBXBuildFile; fileRef = FD5BE9042161556500BDBFC9 /* RequestConfig.swift */; };
		FD5BE91F2161556500BDBFC9 /* ImageCollectionViewCell.xib in Resources */ = {isa = PBXBuildFile; fileRef = FD5BE9062161556500BDBFC9 /* ImageCollectionViewCell.xib */; };
		FD5BE9202161556500BDBFC9 /* FlickrCollectionViewController.swift in Sources */ = {isa = PBXBuildFile; fileRef = FD5BE9082161556500BDBFC9 /* FlickrCollectionViewController.swift */; };
		FD5BE9212161556500BDBFC9 /* ImageCollectionViewCell.swift in Sources */ = {isa = PBXBuildFile; fileRef = FD5BE9092161556500BDBFC9 /* ImageCollectionViewCell.swift */; };
		FD5BE9222161556500BDBFC9 /* SearchService.swift in Sources */ = {isa = PBXBuildFile; fileRef = FD5BE90B2161556500BDBFC9 /* SearchService.swift */; };
		FD5BE9232161556500BDBFC9 /* Cache.swift in Sources */ = {isa = PBXBuildFile; fileRef = FD5BE90D2161556500BDBFC9 /* Cache.swift */; };
		FD5BE9252161556500BDBFC9 /* Result.swift in Sources */ = {isa = PBXBuildFile; fileRef = FD5BE9102161556500BDBFC9 /* Result.swift */; };
		FD5BE9262161556500BDBFC9 /* Extension.swift in Sources */ = {isa = PBXBuildFile; fileRef = FD5BE9112161556500BDBFC9 /* Extension.swift */; };
		FD5BE9272161556500BDBFC9 /* NetworkManager.swift in Sources */ = {isa = PBXBuildFile; fileRef = FD5BE9132161556500BDBFC9 /* NetworkManager.swift */; };
		FD5BE9282161556500BDBFC9 /* ImageDownloadManager.swift in Sources */ = {isa = PBXBuildFile; fileRef = FD5BE9142161556500BDBFC9 /* ImageDownloadManager.swift */; };
		FD5BE9292161556500BDBFC9 /* ImageDownloadOperation.swift in Sources */ = {isa = PBXBuildFile; fileRef = FD5BE9152161556500BDBFC9 /* ImageDownloadOperation.swift */; };
		FD5BE92A2161556500BDBFC9 /* Reachability.swift in Sources */ = {isa = PBXBuildFile; fileRef = FD5BE9162161556500BDBFC9 /* Reachability.swift */; };
		FD5BE92B2161556500BDBFC9 /* Request.swift in Sources */ = {isa = PBXBuildFile; fileRef = FD5BE9172161556500BDBFC9 /* Request.swift */; };
/* End PBXBuildFile section */

/* Begin PBXFileReference section */
		B7365A93261046A500F23031 /* StaticStrings.swift */ = {isa = PBXFileReference; lastKnownFileType = sourcecode.swift; path = StaticStrings.swift; sourceTree = "<group>"; };
		B74CD25E260E0A3C00950EF3 /* ImageSearchAssignment.app */ = {isa = PBXFileReference; explicitFileType = wrapper.application; includeInIndex = 0; path = ImageSearchAssignment.app; sourceTree = BUILT_PRODUCTS_DIR; };
		FD5BE8CC216154EF00BDBFC9 /* AppDelegate.swift */ = {isa = PBXFileReference; lastKnownFileType = sourcecode.swift; path = AppDelegate.swift; sourceTree = "<group>"; };
		FD5BE8D1216154EF00BDBFC9 /* Base */ = {isa = PBXFileReference; lastKnownFileType = file.storyboard; name = Base; path = Base.lproj/Main.storyboard; sourceTree = "<group>"; };
		FD5BE8D3216154EF00BDBFC9 /* Assets.xcassets */ = {isa = PBXFileReference; lastKnownFileType = folder.assetcatalog; path = Assets.xcassets; sourceTree = "<group>"; };
		FD5BE8D6216154EF00BDBFC9 /* Base */ = {isa = PBXFileReference; lastKnownFileType = file.storyboard; name = Base; path = Base.lproj/LaunchScreen.storyboard; sourceTree = "<group>"; };
		FD5BE8D8216154EF00BDBFC9 /* Info.plist */ = {isa = PBXFileReference; lastKnownFileType = text.plist.xml; path = Info.plist; sourceTree = "<group>"; };
		FD5BE8FC2161556500BDBFC9 /* ImageModel.swift */ = {isa = PBXFileReference; fileEncoding = 4; lastKnownFileType = sourcecode.swift; path = ImageModel.swift; sourceTree = "<group>"; };
		FD5BE8FD2161556500BDBFC9 /* ViewModel.swift */ = {isa = PBXFileReference; fileEncoding = 4; lastKnownFileType = sourcecode.swift; path = ViewModel.swift; sourceTree = "<group>"; };
		FD5BE8FF2161556500BDBFC9 /* Constants.swift */ = {isa = PBXFileReference; fileEncoding = 4; lastKnownFileType = sourcecode.swift; path = Constants.swift; sourceTree = "<group>"; };
		FD5BE9012161556500BDBFC9 /* Photos.swift */ = {isa = PBXFileReference; fileEncoding = 4; lastKnownFileType = sourcecode.swift; path = Photos.swift; sourceTree = "<group>"; };
		FD5BE9022161556500BDBFC9 /* SearchResults.swift */ = {isa = PBXFileReference; fileEncoding = 4; lastKnownFileType = sourcecode.swift; path = SearchResults.swift; sourceTree = "<group>"; };
		FD5BE9032161556500BDBFC9 /* Photo.swift */ = {isa = PBXFileReference; fileEncoding = 4; lastKnownFileType = sourcecode.swift; path = Photo.swift; sourceTree = "<group>"; };
		FD5BE9042161556500BDBFC9 /* RequestConfig.swift */ = {isa = PBXFileReference; fileEncoding = 4; lastKnownFileType = sourcecode.swift; path = RequestConfig.swift; sourceTree = "<group>"; };
		FD5BE9062161556500BDBFC9 /* ImageCollectionViewCell.xib */ = {isa = PBXFileReference; fileEncoding = 4; lastKnownFileType = file.xib; path = ImageCollectionViewCell.xib; sourceTree = "<group>"; };
		FD5BE9082161556500BDBFC9 /* FlickrCollectionViewController.swift */ = {isa = PBXFileReference; fileEncoding = 4; lastKnownFileType = sourcecode.swift; path = FlickrCollectionViewController.swift; sourceTree = "<group>"; };
		FD5BE9092161556500BDBFC9 /* ImageCollectionViewCell.swift */ = {isa = PBXFileReference; fileEncoding = 4; lastKnownFileType = sourcecode.swift; path = ImageCollectionViewCell.swift; sourceTree = "<group>"; };
		FD5BE90B2161556500BDBFC9 /* SearchService.swift */ = {isa = PBXFileReference; fileEncoding = 4; lastKnownFileType = sourcecode.swift; path = SearchService.swift; sourceTree = "<group>"; };
		FD5BE90D2161556500BDBFC9 /* Cache.swift */ = {isa = PBXFileReference; fileEncoding = 4; lastKnownFileType = sourcecode.swift; path = Cache.swift; sourceTree = "<group>"; };
		FD5BE9102161556500BDBFC9 /* Result.swift */ = {isa = PBXFileReference; fileEncoding = 4; lastKnownFileType = sourcecode.swift; path = Result.swift; sourceTree = "<group>"; };
		FD5BE9112161556500BDBFC9 /* Extension.swift */ = {isa = PBXFileReference; fileEncoding = 4; lastKnownFileType = sourcecode.swift; path = Extension.swift; sourceTree = "<group>"; };
		FD5BE9132161556500BDBFC9 /* NetworkManager.swift */ = {isa = PBXFileReference; fileEncoding = 4; lastKnownFileType = sourcecode.swift; path = NetworkManager.swift; sourceTree = "<group>"; };
		FD5BE9142161556500BDBFC9 /* ImageDownloadManager.swift */ = {isa = PBXFileReference; fileEncoding = 4; lastKnownFileType = sourcecode.swift; path = ImageDownloadManager.swift; sourceTree = "<group>"; };
		FD5BE9152161556500BDBFC9 /* ImageDownloadOperation.swift */ = {isa = PBXFileReference; fileEncoding = 4; lastKnownFileType = sourcecode.swift; path = ImageDownloadOperation.swift; sourceTree = "<group>"; };
		FD5BE9162161556500BDBFC9 /* Reachability.swift */ = {isa = PBXFileReference; fileEncoding = 4; lastKnownFileType = sourcecode.swift; path = Reachability.swift; sourceTree = "<group>"; };
		FD5BE9172161556500BDBFC9 /* Request.swift */ = {isa = PBXFileReference; fileEncoding = 4; lastKnownFileType = sourcecode.swift; path = Request.swift; sourceTree = "<group>"; };
/* End PBXFileReference section */

/* Begin PBXFrameworksBuildPhase section */
		FD5BE8C6216154EF00BDBFC9 /* Frameworks */ = {
			isa = PBXFrameworksBuildPhase;
			buildActionMask = 2147483647;
			files = (
			);
			runOnlyForDeploymentPostprocessing = 0;
		};
/* End PBXFrameworksBuildPhase section */

/* Begin PBXGroup section */
		FD5BE8C0216154EF00BDBFC9 = {
			isa = PBXGroup;
			children = (
				FD5BE8CB216154EF00BDBFC9 /* FlickrImageSearch */,
				B74CD25E260E0A3C00950EF3 /* ImageSearchAssignment.app */,
			);
			sourceTree = "<group>";
		};
		FD5BE8CB216154EF00BDBFC9 /* FlickrImageSearch */ = {
			isa = PBXGroup;
			children = (
				FD5BE90C2161556500BDBFC9 /* Cache */,
				FD5BE8FA2161556500BDBFC9 /* FlickrImageSearch */,
				FD5BE9122161556500BDBFC9 /* NetworkHandler */,
				FD5BE90E2161556500BDBFC9 /* Commons */,
				FD5BE8CC216154EF00BDBFC9 /* AppDelegate.swift */,
				FD5BE8D0216154EF00BDBFC9 /* Main.storyboard */,
				FD5BE8D3216154EF00BDBFC9 /* Assets.xcassets */,
				FD5BE8D5216154EF00BDBFC9 /* LaunchScreen.storyboard */,
				FD5BE8D8216154EF00BDBFC9 /* Info.plist */,
			);
			path = FlickrImageSearch;
			sourceTree = "<group>";
		};
		FD5BE8FA2161556500BDBFC9 /* FlickrImageSearch */ = {
			isa = PBXGroup;
			children = (
				FD5BE8FB2161556500BDBFC9 /* ViewModels */,
				FD5BE8FE2161556500BDBFC9 /* Constants */,
				FD5BE9002161556500BDBFC9 /* Models */,
				FD5BE9042161556500BDBFC9 /* RequestConfig.swift */,
				FD5BE9052161556500BDBFC9 /* Views */,
				FD5BE90A2161556500BDBFC9 /* Services */,
			);
			path = FlickrImageSearch;
			sourceTree = "<group>";
		};
		FD5BE8FB2161556500BDBFC9 /* ViewModels */ = {
			isa = PBXGroup;
			children = (
				FD5BE8FC2161556500BDBFC9 /* ImageModel.swift */,
				FD5BE8FD2161556500BDBFC9 /* ViewModel.swift */,
			);
			path = ViewModels;
			sourceTree = "<group>";
		};
		FD5BE8FE2161556500BDBFC9 /* Constants */ = {
			isa = PBXGroup;
			children = (
				FD5BE8FF2161556500BDBFC9 /* Constants.swift */,
			);
			path = Constants;
			sourceTree = "<group>";
		};
		FD5BE9002161556500BDBFC9 /* Models */ = {
			isa = PBXGroup;
			children = (
				FD5BE9012161556500BDBFC9 /* Photos.swift */,
				FD5BE9022161556500BDBFC9 /* SearchResults.swift */,
				FD5BE9032161556500BDBFC9 /* Photo.swift */,
			);
			path = Models;
			sourceTree = "<group>";
		};
		FD5BE9052161556500BDBFC9 /* Views */ = {
			isa = PBXGroup;
			children = (
				FD5BE9072161556500BDBFC9 /* ViewControllers */,
				FD5BE9062161556500BDBFC9 /* ImageCollectionViewCell.xib */,
				FD5BE9092161556500BDBFC9 /* ImageCollectionViewCell.swift */,
			);
			path = Views;
			sourceTree = "<group>";
		};
		FD5BE9072161556500BDBFC9 /* ViewControllers */ = {
			isa = PBXGroup;
			children = (
				FD5BE9082161556500BDBFC9 /* FlickrCollectionViewController.swift */,
			);
			path = ViewControllers;
			sourceTree = "<group>";
		};
		FD5BE90A2161556500BDBFC9 /* Services */ = {
			isa = PBXGroup;
			children = (
				FD5BE90B2161556500BDBFC9 /* SearchService.swift */,
			);
			path = Services;
			sourceTree = "<group>";
		};
		FD5BE90C2161556500BDBFC9 /* Cache */ = {
			isa = PBXGroup;
			children = (
				FD5BE90D2161556500BDBFC9 /* Cache.swift */,
			);
			path = Cache;
			sourceTree = "<group>";
		};
		FD5BE90E2161556500BDBFC9 /* Commons */ = {
			isa = PBXGroup;
			children = (
				FD5BE9102161556500BDBFC9 /* Result.swift */,
				FD5BE9112161556500BDBFC9 /* Extension.swift */,
				B7365A93261046A500F23031 /* StaticStrings.swift */,
			);
			path = Commons;
			sourceTree = "<group>";
		};
		FD5BE9122161556500BDBFC9 /* NetworkHandler */ = {
			isa = PBXGroup;
			children = (
				FD5BE9132161556500BDBFC9 /* NetworkManager.swift */,
				FD5BE9142161556500BDBFC9 /* ImageDownloadManager.swift */,
				FD5BE9152161556500BDBFC9 /* ImageDownloadOperation.swift */,
				FD5BE9162161556500BDBFC9 /* Reachability.swift */,
				FD5BE9172161556500BDBFC9 /* Request.swift */,
			);
			path = NetworkHandler;
			sourceTree = "<group>";
		};
/* End PBXGroup section */

/* Begin PBXNativeTarget section */
		FD5BE8C8216154EF00BDBFC9 /* ImageSearchAssignment */ = {
			isa = PBXNativeTarget;
			buildConfigurationList = FD5BE8F1216154EF00BDBFC9 /* Build configuration list for PBXNativeTarget "ImageSearchAssignment" */;
			buildPhases = (
				FD5BE8C5216154EF00BDBFC9 /* Sources */,
				FD5BE8C6216154EF00BDBFC9 /* Frameworks */,
				FD5BE8C7216154EF00BDBFC9 /* Resources */,
			);
			buildRules = (
			);
			dependencies = (
			);
			name = ImageSearchAssignment;
			productName = FlickrSearch;
			productReference = B74CD25E260E0A3C00950EF3 /* ImageSearchAssignment.app */;
			productType = "com.apple.product-type.application";
		};
/* End PBXNativeTarget section */

/* Begin PBXProject section */
		FD5BE8C1216154EF00BDBFC9 /* Project object */ = {
			isa = PBXProject;
			attributes = {
				LastSwiftUpdateCheck = 0940;
				LastUpgradeCheck = 0940;
				ORGANIZATIONNAME = "Satyadev Chauhan";
				TargetAttributes = {
					FD5BE8C8216154EF00BDBFC9 = {
						CreatedOnToolsVersion = 9.4.1;
					};
				};
			};
			buildConfigurationList = FD5BE8C4216154EF00BDBFC9 /* Build configuration list for PBXProject "ImageSearchAssignment" */;
			compatibilityVersion = "Xcode 9.3";
			developmentRegion = en;
			hasScannedForEncodings = 0;
			knownRegions = (
				en,
				Base,
			);
			mainGroup = FD5BE8C0216154EF00BDBFC9;
			productRefGroup = FD5BE8C0216154EF00BDBFC9;
			projectDirPath = "";
			projectRoot = "";
			targets = (
				FD5BE8C8216154EF00BDBFC9 /* ImageSearchAssignment */,
			);
		};
/* End PBXProject section */

/* Begin PBXResourcesBuildPhase section */
		FD5BE8C7216154EF00BDBFC9 /* Resources */ = {
			isa = PBXResourcesBuildPhase;
			buildActionMask = 2147483647;
			files = (
				FD5BE8D7216154EF00BDBFC9 /* LaunchScreen.storyboard in Resources */,
				FD5BE8D4216154EF00BDBFC9 /* Assets.xcassets in Resources */,
				FD5BE91F2161556500BDBFC9 /* ImageCollectionViewCell.xib in Resources */,
				FD5BE8D2216154EF00BDBFC9 /* Main.storyboard in Resources */,
			);
			runOnlyForDeploymentPostprocessing = 0;
		};
/* End PBXResourcesBuildPhase section */

/* Begin PBXSourcesBuildPhase section */
		FD5BE8C5216154EF00BDBFC9 /* Sources */ = {
			isa = PBXSourcesBuildPhase;
			buildActionMask = 2147483647;
			files = (
				FD5BE9232161556500BDBFC9 /* Cache.swift in Sources */,
				FD5BE9292161556500BDBFC9 /* ImageDownloadOperation.swift in Sources */,
				FD5BE91B2161556500BDBFC9 /* Photos.swift in Sources */,
				FD5BE92B2161556500BDBFC9 /* Request.swift in Sources */,
				B7365A94261046A500F23031 /* StaticStrings.swift in Sources */,
				FD5BE9212161556500BDBFC9 /* ImageCollectionViewCell.swift in Sources */,
				FD5BE91D2161556500BDBFC9 /* Photo.swift in Sources */,
				FD5BE9252161556500BDBFC9 /* Result.swift in Sources */,
				FD5BE9262161556500BDBFC9 /* Extension.swift in Sources */,
				FD5BE91A2161556500BDBFC9 /* Constants.swift in Sources */,
				FD5BE9182161556500BDBFC9 /* ImageModel.swift in Sources */,
				FD5BE9272161556500BDBFC9 /* NetworkManager.swift in Sources */,
				FD5BE9222161556500BDBFC9 /* SearchService.swift in Sources */,
				FD5BE8CD216154EF00BDBFC9 /* AppDelegate.swift in Sources */,
				FD5BE91E2161556500BDBFC9 /* RequestConfig.swift in Sources */,
				FD5BE9202161556500BDBFC9 /* FlickrCollectionViewController.swift in Sources */,
				FD5BE9282161556500BDBFC9 /* ImageDownloadManager.swift in Sources */,
				FD5BE9192161556500BDBFC9 /* ViewModel.swift in Sources */,
				FD5BE92A2161556500BDBFC9 /* Reachability.swift in Sources */,
				FD5BE91C2161556500BDBFC9 /* SearchResults.swift in Sources */,
			);
			runOnlyForDeploymentPostprocessing = 0;
		};
/* End PBXSourcesBuildPhase section */

/* Begin PBXVariantGroup section */
		FD5BE8D0216154EF00BDBFC9 /* Main.storyboard */ = {
			isa = PBXVariantGroup;
			children = (
				FD5BE8D1216154EF00BDBFC9 /* Base */,
			);
			name = Main.storyboard;
			sourceTree = "<group>";
		};
		FD5BE8D5216154EF00BDBFC9 /* LaunchScreen.storyboard */ = {
			isa = PBXVariantGroup;
			children = (
				FD5BE8D6216154EF00BDBFC9 /* Base */,
			);
			name = LaunchScreen.storyboard;
			sourceTree = "<group>";
		};
/* End PBXVariantGroup section */

/* Begin XCBuildConfiguration section */
		FD5BE8EF216154EF00BDBFC9 /* Debug */ = {
			isa = XCBuildConfiguration;
			buildSettings = {
				ALWAYS_SEARCH_USER_PATHS = NO;
				CLANG_ANALYZER_NONNULL = YES;
				CLANG_ANALYZER_NUMBER_OBJECT_CONVERSION = YES_AGGRESSIVE;
				CLANG_CXX_LANGUAGE_STANDARD = "gnu++14";
				CLANG_CXX_LIBRARY = "libc++";
				CLANG_ENABLE_MODULES = YES;
				CLANG_ENABLE_OBJC_ARC = YES;
				CLANG_ENABLE_OBJC_WEAK = YES;
				CLANG_WARN_BLOCK_CAPTURE_AUTORELEASING = YES;
				CLANG_WARN_BOOL_CONVERSION = YES;
				CLANG_WARN_COMMA = YES;
				CLANG_WARN_CONSTANT_CONVERSION = YES;
				CLANG_WARN_DEPRECATED_OBJC_IMPLEMENTATIONS = YES;
				CLANG_WARN_DIRECT_OBJC_ISA_USAGE = YES_ERROR;
				CLANG_WARN_DOCUMENTATION_COMMENTS = YES;
				CLANG_WARN_EMPTY_BODY = YES;
				CLANG_WARN_ENUM_CONVERSION = YES;
				CLANG_WARN_INFINITE_RECURSION = YES;
				CLANG_WARN_INT_CONVERSION = YES;
				CLANG_WARN_NON_LITERAL_NULL_CONVERSION = YES;
				CLANG_WARN_OBJC_IMPLICIT_RETAIN_SELF = YES;
				CLANG_WARN_OBJC_LITERAL_CONVERSION = YES;
				CLANG_WARN_OBJC_ROOT_CLASS = YES_ERROR;
				CLANG_WARN_RANGE_LOOP_ANALYSIS = YES;
				CLANG_WARN_STRICT_PROTOTYPES = YES;
				CLANG_WARN_SUSPICIOUS_MOVE = YES;
				CLANG_WARN_UNGUARDED_AVAILABILITY = YES_AGGRESSIVE;
				CLANG_WARN_UNREACHABLE_CODE = YES;
				CLANG_WARN__DUPLICATE_METHOD_MATCH = YES;
				CODE_SIGN_IDENTITY = "iPhone Developer";
				COPY_PHASE_STRIP = NO;
				DEBUG_INFORMATION_FORMAT = dwarf;
				ENABLE_STRICT_OBJC_MSGSEND = YES;
				ENABLE_TESTABILITY = YES;
				GCC_C_LANGUAGE_STANDARD = gnu11;
				GCC_DYNAMIC_NO_PIC = NO;
				GCC_NO_COMMON_BLOCKS = YES;
				GCC_OPTIMIZATION_LEVEL = 0;
				GCC_PREPROCESSOR_DEFINITIONS = (
					"DEBUG=1",
					"$(inherited)",
				);
				GCC_WARN_64_TO_32_BIT_CONVERSION = YES;
				GCC_WARN_ABOUT_RETURN_TYPE = YES_ERROR;
				GCC_WARN_UNDECLARED_SELECTOR = YES;
				GCC_WARN_UNINITIALIZED_AUTOS = YES_AGGRESSIVE;
				GCC_WARN_UNUSED_FUNCTION = YES;
				GCC_WARN_UNUSED_VARIABLE = YES;
				IPHONEOS_DEPLOYMENT_TARGET = 11.4;
				MTL_ENABLE_DEBUG_INFO = YES;
				ONLY_ACTIVE_ARCH = YES;
				SDKROOT = iphoneos;
				SWIFT_ACTIVE_COMPILATION_CONDITIONS = DEBUG;
				SWIFT_OPTIMIZATION_LEVEL = "-Onone";
			};
			name = Debug;
		};
		FD5BE8F0216154EF00BDBFC9 /* Release */ = {
			isa = XCBuildConfiguration;
			buildSettings = {
				ALWAYS_SEARCH_USER_PATHS = NO;
				CLANG_ANALYZER_NONNULL = YES;
				CLANG_ANALYZER_NUMBER_OBJECT_CONVERSION = YES_AGGRESSIVE;
				CLANG_CXX_LANGUAGE_STANDARD = "gnu++14";
				CLANG_CXX_LIBRARY = "libc++";
				CLANG_ENABLE_MODULES = YES;
				CLANG_ENABLE_OBJC_ARC = YES;
				CLANG_ENABLE_OBJC_WEAK = YES;
				CLANG_WARN_BLOCK_CAPTURE_AUTORELEASING = YES;
				CLANG_WARN_BOOL_CONVERSION = YES;
				CLANG_WARN_COMMA = YES;
				CLANG_WARN_CONSTANT_CONVERSION = YES;
				CLANG_WARN_DEPRECATED_OBJC_IMPLEMENTATIONS = YES;
				CLANG_WARN_DIRECT_OBJC_ISA_USAGE = YES_ERROR;
				CLANG_WARN_DOCUMENTATION_COMMENTS = YES;
				CLANG_WARN_EMPTY_BODY = YES;
				CLANG_WARN_ENUM_CONVERSION = YES;
				CLANG_WARN_INFINITE_RECURSION = YES;
				CLANG_WARN_INT_CONVERSION = YES;
				CLANG_WARN_NON_LITERAL_NULL_CONVERSION = YES;
				CLANG_WARN_OBJC_IMPLICIT_RETAIN_SELF = YES;
				CLANG_WARN_OBJC_LITERAL_CONVERSION = YES;
				CLANG_WARN_OBJC_ROOT_CLASS = YES_ERROR;
				CLANG_WARN_RANGE_LOOP_ANALYSIS = YES;
				CLANG_WARN_STRICT_PROTOTYPES = YES;
				CLANG_WARN_SUSPICIOUS_MOVE = YES;
				CLANG_WARN_UNGUARDED_AVAILABILITY = YES_AGGRESSIVE;
				CLANG_WARN_UNREACHABLE_CODE = YES;
				CLANG_WARN__DUPLICATE_METHOD_MATCH = YES;
				CODE_SIGN_IDENTITY = "iPhone Developer";
				COPY_PHASE_STRIP = NO;
				DEBUG_INFORMATION_FORMAT = "dwarf-with-dsym";
				ENABLE_NS_ASSERTIONS = NO;
				ENABLE_STRICT_OBJC_MSGSEND = YES;
				GCC_C_LANGUAGE_STANDARD = gnu11;
				GCC_NO_COMMON_BLOCKS = YES;
				GCC_WARN_64_TO_32_BIT_CONVERSION = YES;
				GCC_WARN_ABOUT_RETURN_TYPE = YES_ERROR;
				GCC_WARN_UNDECLARED_SELECTOR = YES;
				GCC_WARN_UNINITIALIZED_AUTOS = YES_AGGRESSIVE;
				GCC_WARN_UNUSED_FUNCTION = YES;
				GCC_WARN_UNUSED_VARIABLE = YES;
				IPHONEOS_DEPLOYMENT_TARGET = 11.4;
				MTL_ENABLE_DEBUG_INFO = NO;
				SDKROOT = iphoneos;
				SWIFT_COMPILATION_MODE = wholemodule;
				SWIFT_OPTIMIZATION_LEVEL = "-O";
				VALIDATE_PRODUCT = YES;
			};
			name = Release;
		};
		FD5BE8F2216154EF00BDBFC9 /* Debug */ = {
			isa = XCBuildConfiguration;
			buildSettings = {
				ASSETCATALOG_COMPILER_APPICON_NAME = AppIcon;
				CODE_SIGN_STYLE = Automatic;
				DEVELOPMENT_TEAM = A622JN7KAX;
				INFOPLIST_FILE = FlickrImageSearch/Info.plist;
				LD_RUNPATH_SEARCH_PATHS = (
					"$(inherited)",
					"@executable_path/Frameworks",
				);
				PRODUCT_BUNDLE_IDENTIFIER = com.rahul.FlickrImageSearch;
				PRODUCT_NAME = "$(TARGET_NAME)";
				SWIFT_VERSION = 4.0;
				TARGETED_DEVICE_FAMILY = "1,2";
			};
			name = Debug;
		};
		FD5BE8F3216154EF00BDBFC9 /* Release */ = {
			isa = XCBuildConfiguration;
			buildSettings = {
				ASSETCATALOG_COMPILER_APPICON_NAME = AppIcon;
				CODE_SIGN_STYLE = Automatic;
				DEVELOPMENT_TEAM = A622JN7KAX;
				INFOPLIST_FILE = FlickrImageSearch/Info.plist;
				LD_RUNPATH_SEARCH_PATHS = (
					"$(inherited)",
					"@executable_path/Frameworks",
				);
				PRODUCT_BUNDLE_IDENTIFIER = com.rahul.FlickrImageSearch;
				PRODUCT_NAME = "$(TARGET_NAME)";
				SWIFT_VERSION = 4.0;
				TARGETED_DEVICE_FAMILY = "1,2";
			};
			name = Release;
		};
/* End XCBuildConfiguration section */

/* Begin XCConfigurationList section */
		FD5BE8C4216154EF00BDBFC9 /* Build configuration list for PBXProject "ImageSearchAssignment" */ = {
			isa = XCConfigurationList;
			buildConfigurations = (
				FD5BE8EF216154EF00BDBFC9 /* Debug */,
				FD5BE8F0216154EF00BDBFC9 /* Release */,
			);
			defaultConfigurationIsVisible = 0;
			defaultConfigurationName = Release;
		};
		FD5BE8F1216154EF00BDBFC9 /* Build configuration list for PBXNativeTarget "ImageSearchAssignment" */ = {
			isa = XCConfigurationList;
			buildConfigurations = (
				FD5BE8F2216154EF00BDBFC9 /* Debug */,
				FD5BE8F3216154EF00BDBFC9 /* Release */,
			);
			defaultConfigurationIsVisible = 0;
			defaultConfigurationName = Release;
		};
/* End XCConfigurationList section */
	};
	rootObject = FD5BE8C1216154EF00BDBFC9 /* Project object */;
}
